// !$*UTF8*$!
{
	archiveVersion = 1;
	classes = {
	};
	objectVersion = 50;
	objects = {

/* Begin PBXBuildFile section */
		43CB6CD024C942FE005C4799 /* node_info.cxx in Sources */ = {isa = PBXBuildFile; fileRef = 43CB6CCF24C942FE005C4799 /* node_info.cxx */; };
		43CB6CD324C96AD0005C4799 /* children_policy.cxx in Sources */ = {isa = PBXBuildFile; fileRef = 43CB6CD224C96AD0005C4799 /* children_policy.cxx */; };
		43EF743424C43E7900F5276D /* main.cpp in Sources */ = {isa = PBXBuildFile; fileRef = 43EF743324C43E7900F5276D /* main.cpp */; };
/* End PBXBuildFile section */

/* Begin PBXCopyFilesBuildPhase section */
		43EF742E24C43E7900F5276D /* CopyFiles */ = {
			isa = PBXCopyFilesBuildPhase;
			buildActionMask = 2147483647;
			dstPath = /usr/share/man/man1/;
			dstSubfolderSpec = 0;
			files = (
			);
			runOnlyForDeploymentPostprocessing = 1;
		};
/* End PBXCopyFilesBuildPhase section */

/* Begin PBXFileReference section */
		43CB6CCF24C942FE005C4799 /* node_info.cxx */ = {isa = PBXFileReference; fileEncoding = 4; lastKnownFileType = sourcecode.cpp.cpp; path = node_info.cxx; sourceTree = "<group>"; };
		43CB6CD124C96AD0005C4799 /* children_policy.hxx */ = {isa = PBXFileReference; lastKnownFileType = sourcecode.cpp.h; path = children_policy.hxx; sourceTree = "<group>"; };
		43CB6CD224C96AD0005C4799 /* children_policy.cxx */ = {isa = PBXFileReference; lastKnownFileType = sourcecode.cpp.cpp; path = children_policy.cxx; sourceTree = "<group>"; };
		43EF743024C43E7900F5276D /* wtfhd */ = {isa = PBXFileReference; explicitFileType = "compiled.mach-o.executable"; includeInIndex = 0; path = wtfhd; sourceTree = BUILT_PRODUCTS_DIR; };
		43EF743324C43E7900F5276D /* main.cpp */ = {isa = PBXFileReference; lastKnownFileType = sourcecode.cpp.cpp; path = main.cpp; sourceTree = "<group>"; };
		43EF744024C43F5B00F5276D /* node_info.hxx */ = {isa = PBXFileReference; lastKnownFileType = sourcecode.cpp.h; path = node_info.hxx; sourceTree = "<group>"; };
/* End PBXFileReference section */

/* Begin PBXFrameworksBuildPhase section */
		43EF742D24C43E7900F5276D /* Frameworks */ = {
			isa = PBXFrameworksBuildPhase;
			buildActionMask = 2147483647;
			files = (
			);
			runOnlyForDeploymentPostprocessing = 0;
		};
/* End PBXFrameworksBuildPhase section */

/* Begin PBXGroup section */
		436A169724CC377D00FFACE2 /* fs_tree */ = {
			isa = PBXGroup;
			children = (
				43CB6CD124C96AD0005C4799 /* children_policy.hxx */,
				43CB6CD224C96AD0005C4799 /* children_policy.cxx */,
				43EF744024C43F5B00F5276D /* node_info.hxx */,
				43CB6CCF24C942FE005C4799 /* node_info.cxx */,
			);
			path = fs_tree;
			sourceTree = "<group>";
		};
		43EF742724C43E7900F5276D = {
			isa = PBXGroup;
			children = (
				43EF743224C43E7900F5276D /* wtfhd */,
				43EF743124C43E7900F5276D /* Products */,
			);
			sourceTree = "<group>";
		};
		43EF743124C43E7900F5276D /* Products */ = {
			isa = PBXGroup;
			children = (
				43EF743024C43E7900F5276D /* wtfhd */,
			);
			name = Products;
			sourceTree = "<group>";
		};
		43EF743224C43E7900F5276D /* wtfhd */ = {
			isa = PBXGroup;
			children = (
				436A169724CC377D00FFACE2 /* fs_tree */,
				43EF743324C43E7900F5276D /* main.cpp */,
			);
			path = wtfhd;
			sourceTree = "<group>";
		};
/* End PBXGroup section */

/* Begin PBXNativeTarget section */
		43EF742F24C43E7900F5276D /* wtfhd */ = {
			isa = PBXNativeTarget;
			buildConfigurationList = 43EF743724C43E7900F5276D /* Build configuration list for PBXNativeTarget "wtfhd" */;
			buildPhases = (
				43EF742C24C43E7900F5276D /* Sources */,
				43EF742D24C43E7900F5276D /* Frameworks */,
				43EF742E24C43E7900F5276D /* CopyFiles */,
			);
			buildRules = (
			);
			dependencies = (
			);
			name = wtfhd;
			productName = wtfhd;
			productReference = 43EF743024C43E7900F5276D /* wtfhd */;
			productType = "com.apple.product-type.tool";
		};
/* End PBXNativeTarget section */

/* Begin PBXProject section */
		43EF742824C43E7900F5276D /* Project object */ = {
			isa = PBXProject;
			attributes = {
				LastUpgradeCheck = 1200;
				TargetAttributes = {
					43EF742F24C43E7900F5276D = {
						CreatedOnToolsVersion = 12.0;
					};
				};
			};
			buildConfigurationList = 43EF742B24C43E7900F5276D /* Build configuration list for PBXProject "wtfhd" */;
			compatibilityVersion = "Xcode 9.3";
			developmentRegion = en;
			hasScannedForEncodings = 0;
			knownRegions = (
				en,
				Base,
			);
			mainGroup = 43EF742724C43E7900F5276D;
			productRefGroup = 43EF743124C43E7900F5276D /* Products */;
			projectDirPath = "";
			projectRoot = "";
			targets = (
				43EF742F24C43E7900F5276D /* wtfhd */,
			);
		};
/* End PBXProject section */

/* Begin PBXSourcesBuildPhase section */
		43EF742C24C43E7900F5276D /* Sources */ = {
			isa = PBXSourcesBuildPhase;
			buildActionMask = 2147483647;
			files = (
				43EF743424C43E7900F5276D /* main.cpp in Sources */,
				43CB6CD324C96AD0005C4799 /* children_policy.cxx in Sources */,
				43CB6CD024C942FE005C4799 /* node_info.cxx in Sources */,
			);
			runOnlyForDeploymentPostprocessing = 0;
		};
/* End PBXSourcesBuildPhase section */

/* Begin XCBuildConfiguration section */
		43EF743524C43E7900F5276D /* Debug */ = {
			isa = XCBuildConfiguration;
			buildSettings = {
				ALWAYS_SEARCH_USER_PATHS = NO;
				CLANG_ANALYZER_NONNULL = YES;
				CLANG_ANALYZER_NUMBER_OBJECT_CONVERSION = YES_AGGRESSIVE;
				CLANG_CXX_LANGUAGE_STANDARD = "gnu++2a";
				CLANG_ENABLE_MODULES = YES;
				CLANG_ENABLE_OBJC_ARC = YES;
				CLANG_ENABLE_OBJC_WEAK = YES;
				CLANG_WARN_BLOCK_CAPTURE_AUTORELEASING = YES;
				CLANG_WARN_BOOL_CONVERSION = YES;
				CLANG_WARN_COMMA = YES;
				CLANG_WARN_CONSTANT_CONVERSION = YES;
				CLANG_WARN_DEPRECATED_OBJC_IMPLEMENTATIONS = YES;
				CLANG_WARN_DIRECT_OBJC_ISA_USAGE = YES_ERROR;
				CLANG_WARN_DOCUMENTATION_COMMENTS = YES;
				CLANG_WARN_EMPTY_BODY = YES;
				CLANG_WARN_ENUM_CONVERSION = YES;
				CLANG_WARN_INFINITE_RECURSION = YES;
				CLANG_WARN_INT_CONVERSION = YES;
				CLANG_WARN_NON_LITERAL_NULL_CONVERSION = YES;
				CLANG_WARN_OBJC_IMPLICIT_RETAIN_SELF = YES;
				CLANG_WARN_OBJC_LITERAL_CONVERSION = YES;
				CLANG_WARN_OBJC_ROOT_CLASS = YES_ERROR;
				CLANG_WARN_QUOTED_INCLUDE_IN_FRAMEWORK_HEADER = YES;
				CLANG_WARN_RANGE_LOOP_ANALYSIS = YES;
				CLANG_WARN_STRICT_PROTOTYPES = YES;
				CLANG_WARN_SUSPICIOUS_MOVE = YES;
				CLANG_WARN_UNGUARDED_AVAILABILITY = YES_AGGRESSIVE;
				CLANG_WARN_UNREACHABLE_CODE = YES;
				CLANG_WARN__DUPLICATE_METHOD_MATCH = YES;
				COPY_PHASE_STRIP = NO;
				DEBUG_INFORMATION_FORMAT = dwarf;
				ENABLE_STRICT_OBJC_MSGSEND = YES;
				ENABLE_TESTABILITY = YES;
				GCC_C_LANGUAGE_STANDARD = gnu18;
				GCC_DYNAMIC_NO_PIC = NO;
				GCC_NO_COMMON_BLOCKS = YES;
				GCC_OPTIMIZATION_LEVEL = 0;
				GCC_PREPROCESSOR_DEFINITIONS = (
					"DEBUG=1",
					"$(inherited)",
				);
				GCC_SYMBOLS_PRIVATE_EXTERN = YES;
				GCC_WARN_64_TO_32_BIT_CONVERSION = YES;
				GCC_WARN_ABOUT_RETURN_TYPE = YES_ERROR;
				GCC_WARN_UNDECLARED_SELECTOR = YES;
				GCC_WARN_UNINITIALIZED_AUTOS = YES_AGGRESSIVE;
				GCC_WARN_UNUSED_FUNCTION = YES;
				GCC_WARN_UNUSED_VARIABLE = YES;
				MACOSX_DEPLOYMENT_TARGET = 10.16;
				MTL_ENABLE_DEBUG_INFO = INCLUDE_SOURCE;
				MTL_FAST_MATH = YES;
				ONLY_ACTIVE_ARCH = YES;
				OTHER_CPLUSPLUSFLAGS = (
					"-ftemplate-backtrace-limit=0",
					"$(OTHER_CFLAGS)",
				);
				SDKROOT = macosx;
			};
			name = Debug;
		};
		43EF743624C43E7900F5276D /* Release */ = {
			isa = XCBuildConfiguration;
			buildSettings = {
				ALWAYS_SEARCH_USER_PATHS = NO;
				CLANG_ANALYZER_NONNULL = YES;
				CLANG_ANALYZER_NUMBER_OBJECT_CONVERSION = YES_AGGRESSIVE;
				CLANG_CXX_LANGUAGE_STANDARD = "gnu++2a";
				CLANG_ENABLE_MODULES = YES;
				CLANG_ENABLE_OBJC_ARC = YES;
				CLANG_ENABLE_OBJC_WEAK = YES;
				CLANG_WARN_BLOCK_CAPTURE_AUTORELEASING = YES;
				CLANG_WARN_BOOL_CONVERSION = YES;
				CLANG_WARN_COMMA = YES;
				CLANG_WARN_CONSTANT_CONVERSION = YES;
				CLANG_WARN_DEPRECATED_OBJC_IMPLEMENTATIONS = YES;
				CLANG_WARN_DIRECT_OBJC_ISA_USAGE = YES_ERROR;
				CLANG_WARN_DOCUMENTATION_COMMENTS = YES;
				CLANG_WARN_EMPTY_BODY = YES;
				CLANG_WARN_ENUM_CONVERSION = YES;
				CLANG_WARN_INFINITE_RECURSION = YES;
				CLANG_WARN_INT_CONVERSION = YES;
				CLANG_WARN_NON_LITERAL_NULL_CONVERSION = YES;
				CLANG_WARN_OBJC_IMPLICIT_RETAIN_SELF = YES;
				CLANG_WARN_OBJC_LITERAL_CONVERSION = YES;
				CLANG_WARN_OBJC_ROOT_CLASS = YES_ERROR;
				CLANG_WARN_QUOTED_INCLUDE_IN_FRAMEWORK_HEADER = YES;
				CLANG_WARN_RANGE_LOOP_ANALYSIS = YES;
				CLANG_WARN_STRICT_PROTOTYPES = YES;
				CLANG_WARN_SUSPICIOUS_MOVE = YES;
				CLANG_WARN_UNGUARDED_AVAILABILITY = YES_AGGRESSIVE;
				CLANG_WARN_UNREACHABLE_CODE = YES;
				CLANG_WARN__DUPLICATE_METHOD_MATCH = YES;
				COPY_PHASE_STRIP = NO;
				DEBUG_INFORMATION_FORMAT = "dwarf-with-dsym";
				ENABLE_NS_ASSERTIONS = NO;
				ENABLE_STRICT_OBJC_MSGSEND = YES;
				GCC_C_LANGUAGE_STANDARD = gnu18;
				GCC_NO_COMMON_BLOCKS = YES;
				GCC_SYMBOLS_PRIVATE_EXTERN = YES;
				GCC_WARN_64_TO_32_BIT_CONVERSION = YES;
				GCC_WARN_ABOUT_RETURN_TYPE = YES_ERROR;
				GCC_WARN_UNDECLARED_SELECTOR = YES;
				GCC_WARN_UNINITIALIZED_AUTOS = YES_AGGRESSIVE;
				GCC_WARN_UNUSED_FUNCTION = YES;
				GCC_WARN_UNUSED_VARIABLE = YES;
				MACOSX_DEPLOYMENT_TARGET = 10.16;
				MTL_ENABLE_DEBUG_INFO = NO;
				MTL_FAST_MATH = YES;
				OTHER_CPLUSPLUSFLAGS = (
					"-ftemplate-backtrace-limit=0",
					"$(OTHER_CFLAGS)",
				);
				SDKROOT = macosx;
			};
			name = Release;
		};
		43EF743824C43E7900F5276D /* Debug */ = {
			isa = XCBuildConfiguration;
			buildSettings = {
				CODE_SIGN_STYLE = Manual;
				PRODUCT_BUNDLE_IDENTIFIER = ru.byss.wtfhd;
				PRODUCT_NAME = "$(TARGET_NAME)";
			};
			name = Debug;
		};
		43EF743924C43E7900F5276D /* Release */ = {
			isa = XCBuildConfiguration;
			buildSettings = {
				CODE_SIGN_STYLE = Manual;
				PRODUCT_BUNDLE_IDENTIFIER = ru.byss.wtfhd;
				PRODUCT_NAME = "$(TARGET_NAME)";
			};
			name = Release;
		};
/* End XCBuildConfiguration section */

/* Begin XCConfigurationList section */
		43EF742B24C43E7900F5276D /* Build configuration list for PBXProject "wtfhd" */ = {
			isa = XCConfigurationList;
			buildConfigurations = (
				43EF743524C43E7900F5276D /* Debug */,
				43EF743624C43E7900F5276D /* Release */,
			);
			defaultConfigurationIsVisible = 0;
			defaultConfigurationName = Release;
		};
		43EF743724C43E7900F5276D /* Build configuration list for PBXNativeTarget "wtfhd" */ = {
			isa = XCConfigurationList;
			buildConfigurations = (
				43EF743824C43E7900F5276D /* Debug */,
				43EF743924C43E7900F5276D /* Release */,
			);
			defaultConfigurationIsVisible = 0;
			defaultConfigurationName = Release;
		};
/* End XCConfigurationList section */
	};
	rootObject = 43EF742824C43E7900F5276D /* Project object */;
}
